
Microsoft Visual Studio Solution File, Format Version 12.00
# Visual Studio Version 17
VisualStudioVersion = 17.8.34330.188
MinimumVisualStudioVersion = 10.0.40219.1
Project("{FAE04EC0-301F-11D3-BF4B-00C04F79EFBC}") = "CA3MVC", "CA3MVC.csproj", "{BAD20359-6544-4D53-8DAC-31D7E499CB5D}"
EndProject
Global
	GlobalSection(SolutionConfigurationPlatforms) = preSolution
		Debug|Any CPU = Debug|Any CPU
		Release|Any CPU = Release|Any CPU
	EndGlobalSection
	GlobalSection(ProjectConfigurationPlatforms) = postSolution
		{BAD20359-6544-4D53-8DAC-31D7E499CB5D}.Debug|Any CPU.ActiveCfg = Debug|Any CPU
		{BAD20359-6544-4D53-8DAC-31D7E499CB5D}.Debug|Any CPU.Build.0 = Debug|Any CPU
		{BAD20359-6544-4D53-8DAC-31D7E499CB5D}.Release|Any CPU.ActiveCfg = Release|Any CPU
		{BAD20359-6544-4D53-8DAC-31D7E499CB5D}.Release|Any CPU.Build.0 = Release|Any CPU
	EndGlobalSection
	GlobalSection(SolutionProperties) = preSolution
		HideSolutionNode = FALSE
	EndGlobalSection
	GlobalSection(ExtensibilityGlobals) = postSolution
		SolutionGuid = {7BBBED25-B2B8-4722-9CDF-6BC124858137}
	EndGlobalSection
EndGlobal
